// !$*UTF8*$!
{
	archiveVersion = 1;
	classes = {
	};
	objectVersion = 50;
	objects = {

/* Begin PBXBuildFile section */
		547A7D6054F7F684EEE17106 /* Pods_BillsifyTests.framework in Frameworks */ = {isa = PBXBuildFile; fileRef = E44635BFFD04344FFF635FC4 /* Pods_BillsifyTests.framework */; };
		61B3DC392378B1720083D057 /* AppDelegate.swift in Sources */ = {isa = PBXBuildFile; fileRef = 61B3DC382378B1720083D057 /* AppDelegate.swift */; };
		61B3DC3B2378B1720083D057 /* BillsBriefViewController.swift in Sources */ = {isa = PBXBuildFile; fileRef = 61B3DC3A2378B1720083D057 /* BillsBriefViewController.swift */; };
		61B3DC3D2378B1720083D057 /* BillCaptureController.swift in Sources */ = {isa = PBXBuildFile; fileRef = 61B3DC3C2378B1720083D057 /* BillCaptureController.swift */; };
		61B3DC402378B1720083D057 /* Main.storyboard in Resources */ = {isa = PBXBuildFile; fileRef = 61B3DC3E2378B1720083D057 /* Main.storyboard */; };
		61B3DC422378B1730083D057 /* Assets.xcassets in Resources */ = {isa = PBXBuildFile; fileRef = 61B3DC412378B1730083D057 /* Assets.xcassets */; };
		61B3DC452378B1730083D057 /* LaunchScreen.storyboard in Resources */ = {isa = PBXBuildFile; fileRef = 61B3DC432378B1730083D057 /* LaunchScreen.storyboard */; };
		61B3DC502378B1740083D057 /* BillsifyTests.swift in Sources */ = {isa = PBXBuildFile; fileRef = 61B3DC4F2378B1740083D057 /* BillsifyTests.swift */; };
		61B3DC5B2378B1740083D057 /* BillsifyUITests.swift in Sources */ = {isa = PBXBuildFile; fileRef = 61B3DC5A2378B1740083D057 /* BillsifyUITests.swift */; };
		61B3DC692378B3E30083D057 /* ThirdViewController.swift in Sources */ = {isa = PBXBuildFile; fileRef = 61B3DC682378B3E30083D057 /* ThirdViewController.swift */; };
		61B3DCAC2379C3C60083D057 /* Bills.xcdatamodeld in Sources */ = {isa = PBXBuildFile; fileRef = 61B3DCAA2379C3C60083D057 /* Bills.xcdatamodeld */; };
		61B3DCAE237A04C00083D057 /* CameraController.swift in Sources */ = {isa = PBXBuildFile; fileRef = 61B3DCAD237A04C00083D057 /* CameraController.swift */; };
		61B483E3237ACB03007C82C3 /* NewBillViewController.swift in Sources */ = {isa = PBXBuildFile; fileRef = 61B483E2237ACB03007C82C3 /* NewBillViewController.swift */; };
		61CDD167237C858D00578D67 /* Charts.framework in Frameworks */ = {isa = PBXBuildFile; fileRef = 61CDD164237C855500578D67 /* Charts.framework */; };
		61CDD168237C858D00578D67 /* Charts.framework in Embed Frameworks */ = {isa = PBXBuildFile; fileRef = 61CDD164237C855500578D67 /* Charts.framework */; settings = {ATTRIBUTES = (CodeSignOnCopy, RemoveHeadersOnCopy, ); }; };
		835D3D054901031E49475998 /* Pods_Billsify_BillsifyUITests.framework in Frameworks */ = {isa = PBXBuildFile; fileRef = 9595BF4F30F5E5CBDE960BD0 /* Pods_Billsify_BillsifyUITests.framework */; };
/* End PBXBuildFile section */

/* Begin PBXContainerItemProxy section */
		61B3DC4C2378B1740083D057 /* PBXContainerItemProxy */ = {
			isa = PBXContainerItemProxy;
			containerPortal = 61B3DC2D2378B1720083D057 /* Project object */;
			proxyType = 1;
			remoteGlobalIDString = 61B3DC342378B1720083D057;
			remoteInfo = Billsify;
		};
		61B3DC572378B1740083D057 /* PBXContainerItemProxy */ = {
			isa = PBXContainerItemProxy;
			containerPortal = 61B3DC2D2378B1720083D057 /* Project object */;
			proxyType = 1;
			remoteGlobalIDString = 61B3DC342378B1720083D057;
			remoteInfo = Billsify;
		};
		61CDD163237C855500578D67 /* PBXContainerItemProxy */ = {
			isa = PBXContainerItemProxy;
			containerPortal = 61CDD15E237C855400578D67 /* Charts.xcodeproj */;
			proxyType = 2;
			remoteGlobalIDString = 65AD9E95D9ED4DC0BD73A743;
			remoteInfo = Charts;
		};
		61CDD165237C855500578D67 /* PBXContainerItemProxy */ = {
			isa = PBXContainerItemProxy;
			containerPortal = 61CDD15E237C855400578D67 /* Charts.xcodeproj */;
			proxyType = 2;
			remoteGlobalIDString = 1CBBC58C6CE1EBEE9852CE41;
			remoteInfo = ChartsTests;
		};
/* End PBXContainerItemProxy section */

/* Begin PBXCopyFilesBuildPhase section */
		61F956C4237B291E00A8D2A3 /* Embed Frameworks */ = {
			isa = PBXCopyFilesBuildPhase;
			buildActionMask = 2147483647;
			dstPath = "";
			dstSubfolderSpec = 10;
			files = (
				61CDD168237C858D00578D67 /* Charts.framework in Embed Frameworks */,
			);
			name = "Embed Frameworks";
			runOnlyForDeploymentPostprocessing = 0;
		};
/* End PBXCopyFilesBuildPhase section */

/* Begin PBXFileReference section */
		2DDF96A1A83B140B481FADFF /* Pods-Billsify.debug.xcconfig */ = {isa = PBXFileReference; includeInIndex = 1; lastKnownFileType = text.xcconfig; name = "Pods-Billsify.debug.xcconfig"; path = "Target Support Files/Pods-Billsify/Pods-Billsify.debug.xcconfig"; sourceTree = "<group>"; };
		4818DDD99DF8D24426F27AD8 /* Pods_Billsify.framework */ = {isa = PBXFileReference; explicitFileType = wrapper.framework; includeInIndex = 0; path = Pods_Billsify.framework; sourceTree = BUILT_PRODUCTS_DIR; };
		4CF41117A2A83E7C4E7AB707 /* Pods-BillsifyTests.release.xcconfig */ = {isa = PBXFileReference; includeInIndex = 1; lastKnownFileType = text.xcconfig; name = "Pods-BillsifyTests.release.xcconfig"; path = "Target Support Files/Pods-BillsifyTests/Pods-BillsifyTests.release.xcconfig"; sourceTree = "<group>"; };
		61B3DC352378B1720083D057 /* Billsify.app */ = {isa = PBXFileReference; explicitFileType = wrapper.application; includeInIndex = 0; path = Billsify.app; sourceTree = BUILT_PRODUCTS_DIR; };
		61B3DC382378B1720083D057 /* AppDelegate.swift */ = {isa = PBXFileReference; lastKnownFileType = sourcecode.swift; path = AppDelegate.swift; sourceTree = "<group>"; };
		61B3DC3A2378B1720083D057 /* BillsBriefViewController.swift */ = {isa = PBXFileReference; lastKnownFileType = sourcecode.swift; path = BillsBriefViewController.swift; sourceTree = "<group>"; };
		61B3DC3C2378B1720083D057 /* BillCaptureController.swift */ = {isa = PBXFileReference; lastKnownFileType = sourcecode.swift; path = BillCaptureController.swift; sourceTree = "<group>"; };
		61B3DC3F2378B1720083D057 /* Base */ = {isa = PBXFileReference; lastKnownFileType = file.storyboard; name = Base; path = Base.lproj/Main.storyboard; sourceTree = "<group>"; };
		61B3DC412378B1730083D057 /* Assets.xcassets */ = {isa = PBXFileReference; lastKnownFileType = folder.assetcatalog; path = Assets.xcassets; sourceTree = "<group>"; };
		61B3DC442378B1730083D057 /* Base */ = {isa = PBXFileReference; lastKnownFileType = file.storyboard; name = Base; path = Base.lproj/LaunchScreen.storyboard; sourceTree = "<group>"; };
		61B3DC462378B1730083D057 /* Info.plist */ = {isa = PBXFileReference; lastKnownFileType = text.plist.xml; path = Info.plist; sourceTree = "<group>"; };
		61B3DC4B2378B1740083D057 /* BillsifyTests.xctest */ = {isa = PBXFileReference; explicitFileType = wrapper.cfbundle; includeInIndex = 0; path = BillsifyTests.xctest; sourceTree = BUILT_PRODUCTS_DIR; };
		61B3DC4F2378B1740083D057 /* BillsifyTests.swift */ = {isa = PBXFileReference; lastKnownFileType = sourcecode.swift; path = BillsifyTests.swift; sourceTree = "<group>"; };
		61B3DC512378B1740083D057 /* Info.plist */ = {isa = PBXFileReference; lastKnownFileType = text.plist.xml; path = Info.plist; sourceTree = "<group>"; };
		61B3DC562378B1740083D057 /* BillsifyUITests.xctest */ = {isa = PBXFileReference; explicitFileType = wrapper.cfbundle; includeInIndex = 0; path = BillsifyUITests.xctest; sourceTree = BUILT_PRODUCTS_DIR; };
		61B3DC5A2378B1740083D057 /* BillsifyUITests.swift */ = {isa = PBXFileReference; lastKnownFileType = sourcecode.swift; path = BillsifyUITests.swift; sourceTree = "<group>"; };
		61B3DC5C2378B1740083D057 /* Info.plist */ = {isa = PBXFileReference; lastKnownFileType = text.plist.xml; path = Info.plist; sourceTree = "<group>"; };
		61B3DC682378B3E30083D057 /* ThirdViewController.swift */ = {isa = PBXFileReference; lastKnownFileType = sourcecode.swift; path = ThirdViewController.swift; sourceTree = "<group>"; };
		61B3DCAB2379C3C60083D057 /* Bills.xcdatamodel */ = {isa = PBXFileReference; lastKnownFileType = wrapper.xcdatamodel; path = Bills.xcdatamodel; sourceTree = "<group>"; };
		61B3DCAD237A04C00083D057 /* CameraController.swift */ = {isa = PBXFileReference; lastKnownFileType = sourcecode.swift; path = CameraController.swift; sourceTree = "<group>"; };
		61B483E2237ACB03007C82C3 /* NewBillViewController.swift */ = {isa = PBXFileReference; lastKnownFileType = sourcecode.swift; path = NewBillViewController.swift; sourceTree = "<group>"; };
		61CDD15E237C855400578D67 /* Charts.xcodeproj */ = {isa = PBXFileReference; lastKnownFileType = "wrapper.pb-project"; name = Charts.xcodeproj; path = "../../../Downloads/Charts-master/Charts.xcodeproj"; sourceTree = "<group>"; };
		891DC425C18F6899CA67F8D9 /* Pods-BillsifyTests.debug.xcconfig */ = {isa = PBXFileReference; includeInIndex = 1; lastKnownFileType = text.xcconfig; name = "Pods-BillsifyTests.debug.xcconfig"; path = "Target Support Files/Pods-BillsifyTests/Pods-BillsifyTests.debug.xcconfig"; sourceTree = "<group>"; };
		934E038A24057E98624CBDB6 /* Pods-Billsify-BillsifyUITests.debug.xcconfig */ = {isa = PBXFileReference; includeInIndex = 1; lastKnownFileType = text.xcconfig; name = "Pods-Billsify-BillsifyUITests.debug.xcconfig"; path = "Target Support Files/Pods-Billsify-BillsifyUITests/Pods-Billsify-BillsifyUITests.debug.xcconfig"; sourceTree = "<group>"; };
		9595BF4F30F5E5CBDE960BD0 /* Pods_Billsify_BillsifyUITests.framework */ = {isa = PBXFileReference; explicitFileType = wrapper.framework; includeInIndex = 0; path = Pods_Billsify_BillsifyUITests.framework; sourceTree = BUILT_PRODUCTS_DIR; };
		B245875BAE35E0948E284B0A /* Pods-Billsify-BillsifyUITests.release.xcconfig */ = {isa = PBXFileReference; includeInIndex = 1; lastKnownFileType = text.xcconfig; name = "Pods-Billsify-BillsifyUITests.release.xcconfig"; path = "Target Support Files/Pods-Billsify-BillsifyUITests/Pods-Billsify-BillsifyUITests.release.xcconfig"; sourceTree = "<group>"; };
		BF021909488F0A4EB0E911DB /* Pods-Billsify.release.xcconfig */ = {isa = PBXFileReference; includeInIndex = 1; lastKnownFileType = text.xcconfig; name = "Pods-Billsify.release.xcconfig"; path = "Target Support Files/Pods-Billsify/Pods-Billsify.release.xcconfig"; sourceTree = "<group>"; };
		E44635BFFD04344FFF635FC4 /* Pods_BillsifyTests.framework */ = {isa = PBXFileReference; explicitFileType = wrapper.framework; includeInIndex = 0; path = Pods_BillsifyTests.framework; sourceTree = BUILT_PRODUCTS_DIR; };
/* End PBXFileReference section */

/* Begin PBXFrameworksBuildPhase section */
		61B3DC322378B1720083D057 /* Frameworks */ = {
			isa = PBXFrameworksBuildPhase;
			buildActionMask = 2147483647;
			files = (
				61CDD167237C858D00578D67 /* Charts.framework in Frameworks */,
			);
			runOnlyForDeploymentPostprocessing = 0;
		};
		61B3DC482378B1740083D057 /* Frameworks */ = {
			isa = PBXFrameworksBuildPhase;
			buildActionMask = 2147483647;
			files = (
				547A7D6054F7F684EEE17106 /* Pods_BillsifyTests.framework in Frameworks */,
			);
			runOnlyForDeploymentPostprocessing = 0;
		};
		61B3DC532378B1740083D057 /* Frameworks */ = {
			isa = PBXFrameworksBuildPhase;
			buildActionMask = 2147483647;
			files = (
				835D3D054901031E49475998 /* Pods_Billsify_BillsifyUITests.framework in Frameworks */,
			);
			runOnlyForDeploymentPostprocessing = 0;
		};
/* End PBXFrameworksBuildPhase section */

/* Begin PBXGroup section */
		61B3DC2C2378B1720083D057 = {
			isa = PBXGroup;
			children = (
				61B3DC372378B1720083D057 /* Billsify */,
				61B3DC4E2378B1740083D057 /* BillsifyTests */,
				61B3DC592378B1740083D057 /* BillsifyUITests */,
				61B3DC362378B1720083D057 /* Products */,
				ED910BC014E47F7867AEA4B0 /* Pods */,
				8C35AB0D96714148186F363B /* Frameworks */,
			);
			sourceTree = "<group>";
		};
		61B3DC362378B1720083D057 /* Products */ = {
			isa = PBXGroup;
			children = (
				61B3DC352378B1720083D057 /* Billsify.app */,
				61B3DC4B2378B1740083D057 /* BillsifyTests.xctest */,
				61B3DC562378B1740083D057 /* BillsifyUITests.xctest */,
			);
			name = Products;
			sourceTree = "<group>";
		};
		61B3DC372378B1720083D057 /* Billsify */ = {
			isa = PBXGroup;
			children = (
				61B3DCAA2379C3C60083D057 /* Bills.xcdatamodeld */,
				61B3DC382378B1720083D057 /* AppDelegate.swift */,
				61B3DC3A2378B1720083D057 /* BillsBriefViewController.swift */,
				61B3DC3C2378B1720083D057 /* BillCaptureController.swift */,
				61B3DCAD237A04C00083D057 /* CameraController.swift */,
				61B3DC3E2378B1720083D057 /* Main.storyboard */,
				61B3DC682378B3E30083D057 /* ThirdViewController.swift */,
				61B3DC412378B1730083D057 /* Assets.xcassets */,
				61B3DC432378B1730083D057 /* LaunchScreen.storyboard */,
				61B3DC462378B1730083D057 /* Info.plist */,
				61B483E2237ACB03007C82C3 /* NewBillViewController.swift */,
			);
			path = Billsify;
			sourceTree = "<group>";
		};
		61B3DC4E2378B1740083D057 /* BillsifyTests */ = {
			isa = PBXGroup;
			children = (
				61B3DC4F2378B1740083D057 /* BillsifyTests.swift */,
				61B3DC512378B1740083D057 /* Info.plist */,
			);
			path = BillsifyTests;
			sourceTree = "<group>";
		};
		61B3DC592378B1740083D057 /* BillsifyUITests */ = {
			isa = PBXGroup;
			children = (
				61B3DC5A2378B1740083D057 /* BillsifyUITests.swift */,
				61B3DC5C2378B1740083D057 /* Info.plist */,
			);
			path = BillsifyUITests;
			sourceTree = "<group>";
		};
		61CDD15F237C855400578D67 /* Products */ = {
			isa = PBXGroup;
			children = (
				61CDD164237C855500578D67 /* Charts.framework */,
				61CDD166237C855500578D67 /* ChartsTests.xctest */,
			);
			name = Products;
			sourceTree = "<group>";
		};
		8C35AB0D96714148186F363B /* Frameworks */ = {
			isa = PBXGroup;
			children = (
				4818DDD99DF8D24426F27AD8 /* Pods_Billsify.framework */,
				9595BF4F30F5E5CBDE960BD0 /* Pods_Billsify_BillsifyUITests.framework */,
				E44635BFFD04344FFF635FC4 /* Pods_BillsifyTests.framework */,
			);
			name = Frameworks;
			sourceTree = "<group>";
		};
		ED910BC014E47F7867AEA4B0 /* Pods */ = {
			isa = PBXGroup;
			children = (
				61CDD15E237C855400578D67 /* Charts.xcodeproj */,
				2DDF96A1A83B140B481FADFF /* Pods-Billsify.debug.xcconfig */,
				BF021909488F0A4EB0E911DB /* Pods-Billsify.release.xcconfig */,
				934E038A24057E98624CBDB6 /* Pods-Billsify-BillsifyUITests.debug.xcconfig */,
				B245875BAE35E0948E284B0A /* Pods-Billsify-BillsifyUITests.release.xcconfig */,
				891DC425C18F6899CA67F8D9 /* Pods-BillsifyTests.debug.xcconfig */,
				4CF41117A2A83E7C4E7AB707 /* Pods-BillsifyTests.release.xcconfig */,
			);
			path = Pods;
			sourceTree = "<group>";
		};
/* End PBXGroup section */

/* Begin PBXNativeTarget section */
		61B3DC342378B1720083D057 /* Billsify */ = {
			isa = PBXNativeTarget;
			buildConfigurationList = 61B3DC5F2378B1740083D057 /* Build configuration list for PBXNativeTarget "Billsify" */;
			buildPhases = (
				060D1D7FFE2D473242E57C36 /* [CP] Check Pods Manifest.lock */,
				61B3DC312378B1720083D057 /* Sources */,
				61B3DC322378B1720083D057 /* Frameworks */,
				61B3DC332378B1720083D057 /* Resources */,
				61F956C4237B291E00A8D2A3 /* Embed Frameworks */,
			);
			buildRules = (
			);
			dependencies = (
			);
			name = Billsify;
			productName = Billsify;
			productReference = 61B3DC352378B1720083D057 /* Billsify.app */;
			productType = "com.apple.product-type.application";
		};
		61B3DC4A2378B1740083D057 /* BillsifyTests */ = {
			isa = PBXNativeTarget;
			buildConfigurationList = 61B3DC622378B1740083D057 /* Build configuration list for PBXNativeTarget "BillsifyTests" */;
			buildPhases = (
				35993080B617B508C1581BA3 /* [CP] Check Pods Manifest.lock */,
				61B3DC472378B1740083D057 /* Sources */,
				61B3DC482378B1740083D057 /* Frameworks */,
				61B3DC492378B1740083D057 /* Resources */,
			);
			buildRules = (
			);
			dependencies = (
				61B3DC4D2378B1740083D057 /* PBXTargetDependency */,
			);
			name = BillsifyTests;
			productName = BillsifyTests;
			productReference = 61B3DC4B2378B1740083D057 /* BillsifyTests.xctest */;
			productType = "com.apple.product-type.bundle.unit-test";
		};
		61B3DC552378B1740083D057 /* BillsifyUITests */ = {
			isa = PBXNativeTarget;
			buildConfigurationList = 61B3DC652378B1740083D057 /* Build configuration list for PBXNativeTarget "BillsifyUITests" */;
			buildPhases = (
				E24B7022D55B116DAB69C806 /* [CP] Check Pods Manifest.lock */,
				61B3DC522378B1740083D057 /* Sources */,
				61B3DC532378B1740083D057 /* Frameworks */,
				61B3DC542378B1740083D057 /* Resources */,
			);
			buildRules = (
			);
			dependencies = (
				61B3DC582378B1740083D057 /* PBXTargetDependency */,
			);
			name = BillsifyUITests;
			productName = BillsifyUITests;
			productReference = 61B3DC562378B1740083D057 /* BillsifyUITests.xctest */;
			productType = "com.apple.product-type.bundle.ui-testing";
		};
/* End PBXNativeTarget section */

/* Begin PBXProject section */
		61B3DC2D2378B1720083D057 /* Project object */ = {
			isa = PBXProject;
			attributes = {
				LastSwiftUpdateCheck = 1030;
				LastUpgradeCheck = 1030;
				ORGANIZATIONNAME = "Lisbet Meneses";
				TargetAttributes = {
					61B3DC342378B1720083D057 = {
						CreatedOnToolsVersion = 10.3;
					};
					61B3DC4A2378B1740083D057 = {
						CreatedOnToolsVersion = 10.3;
						TestTargetID = 61B3DC342378B1720083D057;
					};
					61B3DC552378B1740083D057 = {
						CreatedOnToolsVersion = 10.3;
						TestTargetID = 61B3DC342378B1720083D057;
					};
				};
			};
			buildConfigurationList = 61B3DC302378B1720083D057 /* Build configuration list for PBXProject "Billsify" */;
			compatibilityVersion = "Xcode 9.3";
			developmentRegion = en;
			hasScannedForEncodings = 0;
			knownRegions = (
				en,
				Base,
			);
			mainGroup = 61B3DC2C2378B1720083D057;
			productRefGroup = 61B3DC362378B1720083D057 /* Products */;
			projectDirPath = "";
			projectReferences = (
				{
					ProductGroup = 61CDD15F237C855400578D67 /* Products */;
					ProjectRef = 61CDD15E237C855400578D67 /* Charts.xcodeproj */;
				},
			);
			projectRoot = "";
			targets = (
				61B3DC342378B1720083D057 /* Billsify */,
				61B3DC4A2378B1740083D057 /* BillsifyTests */,
				61B3DC552378B1740083D057 /* BillsifyUITests */,
			);
		};
/* End PBXProject section */

/* Begin PBXReferenceProxy section */
		61CDD164237C855500578D67 /* Charts.framework */ = {
			isa = PBXReferenceProxy;
			fileType = wrapper.framework;
			path = Charts.framework;
			remoteRef = 61CDD163237C855500578D67 /* PBXContainerItemProxy */;
			sourceTree = BUILT_PRODUCTS_DIR;
		};
		61CDD166237C855500578D67 /* ChartsTests.xctest */ = {
			isa = PBXReferenceProxy;
			fileType = wrapper.cfbundle;
			path = ChartsTests.xctest;
			remoteRef = 61CDD165237C855500578D67 /* PBXContainerItemProxy */;
			sourceTree = BUILT_PRODUCTS_DIR;
		};
/* End PBXReferenceProxy section */

/* Begin PBXResourcesBuildPhase section */
		61B3DC332378B1720083D057 /* Resources */ = {
			isa = PBXResourcesBuildPhase;
			buildActionMask = 2147483647;
			files = (
				61B3DC452378B1730083D057 /* LaunchScreen.storyboard in Resources */,
				61B3DC422378B1730083D057 /* Assets.xcassets in Resources */,
				61B3DC402378B1720083D057 /* Main.storyboard in Resources */,
			);
			runOnlyForDeploymentPostprocessing = 0;
		};
		61B3DC492378B1740083D057 /* Resources */ = {
			isa = PBXResourcesBuildPhase;
			buildActionMask = 2147483647;
			files = (
			);
			runOnlyForDeploymentPostprocessing = 0;
		};
		61B3DC542378B1740083D057 /* Resources */ = {
			isa = PBXResourcesBuildPhase;
			buildActionMask = 2147483647;
			files = (
			);
			runOnlyForDeploymentPostprocessing = 0;
		};
/* End PBXResourcesBuildPhase section */

/* Begin PBXShellScriptBuildPhase section */
		060D1D7FFE2D473242E57C36 /* [CP] Check Pods Manifest.lock */ = {
			isa = PBXShellScriptBuildPhase;
			buildActionMask = 2147483647;
			files = (
			);
			inputFileListPaths = (
			);
			inputPaths = (
				"${PODS_PODFILE_DIR_PATH}/Podfile.lock",
				"${PODS_ROOT}/Manifest.lock",
			);
			name = "[CP] Check Pods Manifest.lock";
			outputFileListPaths = (
			);
			outputPaths = (
				"$(DERIVED_FILE_DIR)/Pods-Billsify-checkManifestLockResult.txt",
			);
			runOnlyForDeploymentPostprocessing = 0;
			shellPath = /bin/sh;
			shellScript = "diff \"${PODS_PODFILE_DIR_PATH}/Podfile.lock\" \"${PODS_ROOT}/Manifest.lock\" > /dev/null\nif [ $? != 0 ] ; then\n    # print error to STDERR\n    echo \"error: The sandbox is not in sync with the Podfile.lock. Run 'pod install' or update your CocoaPods installation.\" >&2\n    exit 1\nfi\n# This output is used by Xcode 'outputs' to avoid re-running this script phase.\necho \"SUCCESS\" > \"${SCRIPT_OUTPUT_FILE_0}\"\n";
			showEnvVarsInLog = 0;
		};
		35993080B617B508C1581BA3 /* [CP] Check Pods Manifest.lock */ = {
			isa = PBXShellScriptBuildPhase;
			buildActionMask = 2147483647;
			files = (
			);
			inputFileListPaths = (
			);
			inputPaths = (
				"${PODS_PODFILE_DIR_PATH}/Podfile.lock",
				"${PODS_ROOT}/Manifest.lock",
			);
			name = "[CP] Check Pods Manifest.lock";
			outputFileListPaths = (
			);
			outputPaths = (
				"$(DERIVED_FILE_DIR)/Pods-BillsifyTests-checkManifestLockResult.txt",
			);
			runOnlyForDeploymentPostprocessing = 0;
			shellPath = /bin/sh;
			shellScript = "diff \"${PODS_PODFILE_DIR_PATH}/Podfile.lock\" \"${PODS_ROOT}/Manifest.lock\" > /dev/null\nif [ $? != 0 ] ; then\n    # print error to STDERR\n    echo \"error: The sandbox is not in sync with the Podfile.lock. Run 'pod install' or update your CocoaPods installation.\" >&2\n    exit 1\nfi\n# This output is used by Xcode 'outputs' to avoid re-running this script phase.\necho \"SUCCESS\" > \"${SCRIPT_OUTPUT_FILE_0}\"\n";
			showEnvVarsInLog = 0;
		};
		E24B7022D55B116DAB69C806 /* [CP] Check Pods Manifest.lock */ = {
			isa = PBXShellScriptBuildPhase;
			buildActionMask = 2147483647;
			files = (
			);
			inputFileListPaths = (
			);
			inputPaths = (
				"${PODS_PODFILE_DIR_PATH}/Podfile.lock",
				"${PODS_ROOT}/Manifest.lock",
			);
			name = "[CP] Check Pods Manifest.lock";
			outputFileListPaths = (
			);
			outputPaths = (
				"$(DERIVED_FILE_DIR)/Pods-Billsify-BillsifyUITests-checkManifestLockResult.txt",
			);
			runOnlyForDeploymentPostprocessing = 0;
			shellPath = /bin/sh;
			shellScript = "diff \"${PODS_PODFILE_DIR_PATH}/Podfile.lock\" \"${PODS_ROOT}/Manifest.lock\" > /dev/null\nif [ $? != 0 ] ; then\n    # print error to STDERR\n    echo \"error: The sandbox is not in sync with the Podfile.lock. Run 'pod install' or update your CocoaPods installation.\" >&2\n    exit 1\nfi\n# This output is used by Xcode 'outputs' to avoid re-running this script phase.\necho \"SUCCESS\" > \"${SCRIPT_OUTPUT_FILE_0}\"\n";
			showEnvVarsInLog = 0;
		};
/* End PBXShellScriptBuildPhase section */

/* Begin PBXSourcesBuildPhase section */
		61B3DC312378B1720083D057 /* Sources */ = {
			isa = PBXSourcesBuildPhase;
			buildActionMask = 2147483647;
			files = (
				61B3DCAE237A04C00083D057 /* CameraController.swift in Sources */,
				61B3DC3D2378B1720083D057 /* BillCaptureController.swift in Sources */,
				61B483E3237ACB03007C82C3 /* NewBillViewController.swift in Sources */,
				61B3DC392378B1720083D057 /* AppDelegate.swift in Sources */,
				61B3DC692378B3E30083D057 /* ThirdViewController.swift in Sources */,
				61B3DC3B2378B1720083D057 /* BillsBriefViewController.swift in Sources */,
				61B3DCAC2379C3C60083D057 /* Bills.xcdatamodeld in Sources */,
			);
			runOnlyForDeploymentPostprocessing = 0;
		};
		61B3DC472378B1740083D057 /* Sources */ = {
			isa = PBXSourcesBuildPhase;
			buildActionMask = 2147483647;
			files = (
				61B3DC502378B1740083D057 /* BillsifyTests.swift in Sources */,
			);
			runOnlyForDeploymentPostprocessing = 0;
		};
		61B3DC522378B1740083D057 /* Sources */ = {
			isa = PBXSourcesBuildPhase;
			buildActionMask = 2147483647;
			files = (
				61B3DC5B2378B1740083D057 /* BillsifyUITests.swift in Sources */,
			);
			runOnlyForDeploymentPostprocessing = 0;
		};
/* End PBXSourcesBuildPhase section */

/* Begin PBXTargetDependency section */
		61B3DC4D2378B1740083D057 /* PBXTargetDependency */ = {
			isa = PBXTargetDependency;
			target = 61B3DC342378B1720083D057 /* Billsify */;
			targetProxy = 61B3DC4C2378B1740083D057 /* PBXContainerItemProxy */;
		};
		61B3DC582378B1740083D057 /* PBXTargetDependency */ = {
			isa = PBXTargetDependency;
			target = 61B3DC342378B1720083D057 /* Billsify */;
			targetProxy = 61B3DC572378B1740083D057 /* PBXContainerItemProxy */;
		};
/* End PBXTargetDependency section */

/* Begin PBXVariantGroup section */
		61B3DC3E2378B1720083D057 /* Main.storyboard */ = {
			isa = PBXVariantGroup;
			children = (
				61B3DC3F2378B1720083D057 /* Base */,
			);
			name = Main.storyboard;
			sourceTree = "<group>";
		};
		61B3DC432378B1730083D057 /* LaunchScreen.storyboard */ = {
			isa = PBXVariantGroup;
			children = (
				61B3DC442378B1730083D057 /* Base */,
			);
			name = LaunchScreen.storyboard;
			sourceTree = "<group>";
		};
/* End PBXVariantGroup section */

/* Begin XCBuildConfiguration section */
		61B3DC5D2378B1740083D057 /* Debug */ = {
			isa = XCBuildConfiguration;
			buildSettings = {
				ALWAYS_SEARCH_USER_PATHS = NO;
				CLANG_ANALYZER_NONNULL = YES;
				CLANG_ANALYZER_NUMBER_OBJECT_CONVERSION = YES_AGGRESSIVE;
				CLANG_CXX_LANGUAGE_STANDARD = "gnu++14";
				CLANG_CXX_LIBRARY = "libc++";
				CLANG_ENABLE_MODULES = YES;
				CLANG_ENABLE_OBJC_ARC = YES;
				CLANG_ENABLE_OBJC_WEAK = YES;
				CLANG_WARN_BLOCK_CAPTURE_AUTORELEASING = YES;
				CLANG_WARN_BOOL_CONVERSION = YES;
				CLANG_WARN_COMMA = YES;
				CLANG_WARN_CONSTANT_CONVERSION = YES;
				CLANG_WARN_DEPRECATED_OBJC_IMPLEMENTATIONS = YES;
				CLANG_WARN_DIRECT_OBJC_ISA_USAGE = YES_ERROR;
				CLANG_WARN_DOCUMENTATION_COMMENTS = YES;
				CLANG_WARN_EMPTY_BODY = YES;
				CLANG_WARN_ENUM_CONVERSION = YES;
				CLANG_WARN_INFINITE_RECURSION = YES;
				CLANG_WARN_INT_CONVERSION = YES;
				CLANG_WARN_NON_LITERAL_NULL_CONVERSION = YES;
				CLANG_WARN_OBJC_IMPLICIT_RETAIN_SELF = YES;
				CLANG_WARN_OBJC_LITERAL_CONVERSION = YES;
				CLANG_WARN_OBJC_ROOT_CLASS = YES_ERROR;
				CLANG_WARN_RANGE_LOOP_ANALYSIS = YES;
				CLANG_WARN_STRICT_PROTOTYPES = YES;
				CLANG_WARN_SUSPICIOUS_MOVE = YES;
				CLANG_WARN_UNGUARDED_AVAILABILITY = YES_AGGRESSIVE;
				CLANG_WARN_UNREACHABLE_CODE = YES;
				CLANG_WARN__DUPLICATE_METHOD_MATCH = YES;
				CODE_SIGN_IDENTITY = "iPhone Developer";
				COPY_PHASE_STRIP = NO;
				DEBUG_INFORMATION_FORMAT = dwarf;
				ENABLE_STRICT_OBJC_MSGSEND = YES;
				ENABLE_TESTABILITY = YES;
				GCC_C_LANGUAGE_STANDARD = gnu11;
				GCC_DYNAMIC_NO_PIC = NO;
				GCC_NO_COMMON_BLOCKS = YES;
				GCC_OPTIMIZATION_LEVEL = 0;
				GCC_PREPROCESSOR_DEFINITIONS = (
					"DEBUG=1",
					"$(inherited)",
				);
				GCC_WARN_64_TO_32_BIT_CONVERSION = YES;
				GCC_WARN_ABOUT_RETURN_TYPE = YES_ERROR;
				GCC_WARN_UNDECLARED_SELECTOR = YES;
				GCC_WARN_UNINITIALIZED_AUTOS = YES_AGGRESSIVE;
				GCC_WARN_UNUSED_FUNCTION = YES;
				GCC_WARN_UNUSED_VARIABLE = YES;
				IPHONEOS_DEPLOYMENT_TARGET = 12.4;
				MTL_ENABLE_DEBUG_INFO = INCLUDE_SOURCE;
				MTL_FAST_MATH = YES;
				ONLY_ACTIVE_ARCH = YES;
				SDKROOT = iphoneos;
				SWIFT_ACTIVE_COMPILATION_CONDITIONS = DEBUG;
				SWIFT_OPTIMIZATION_LEVEL = "-Onone";
			};
			name = Debug;
		};
		61B3DC5E2378B1740083D057 /* Release */ = {
			isa = XCBuildConfiguration;
			buildSettings = {
				ALWAYS_SEARCH_USER_PATHS = NO;
				CLANG_ANALYZER_NONNULL = YES;
				CLANG_ANALYZER_NUMBER_OBJECT_CONVERSION = YES_AGGRESSIVE;
				CLANG_CXX_LANGUAGE_STANDARD = "gnu++14";
				CLANG_CXX_LIBRARY = "libc++";
				CLANG_ENABLE_MODULES = YES;
				CLANG_ENABLE_OBJC_ARC = YES;
				CLANG_ENABLE_OBJC_WEAK = YES;
				CLANG_WARN_BLOCK_CAPTURE_AUTORELEASING = YES;
				CLANG_WARN_BOOL_CONVERSION = YES;
				CLANG_WARN_COMMA = YES;
				CLANG_WARN_CONSTANT_CONVERSION = YES;
				CLANG_WARN_DEPRECATED_OBJC_IMPLEMENTATIONS = YES;
				CLANG_WARN_DIRECT_OBJC_ISA_USAGE = YES_ERROR;
				CLANG_WARN_DOCUMENTATION_COMMENTS = YES;
				CLANG_WARN_EMPTY_BODY = YES;
				CLANG_WARN_ENUM_CONVERSION = YES;
				CLANG_WARN_INFINITE_RECURSION = YES;
				CLANG_WARN_INT_CONVERSION = YES;
				CLANG_WARN_NON_LITERAL_NULL_CONVERSION = YES;
				CLANG_WARN_OBJC_IMPLICIT_RETAIN_SELF = YES;
				CLANG_WARN_OBJC_LITERAL_CONVERSION = YES;
				CLANG_WARN_OBJC_ROOT_CLASS = YES_ERROR;
				CLANG_WARN_RANGE_LOOP_ANALYSIS = YES;
				CLANG_WARN_STRICT_PROTOTYPES = YES;
				CLANG_WARN_SUSPICIOUS_MOVE = YES;
				CLANG_WARN_UNGUARDED_AVAILABILITY = YES_AGGRESSIVE;
				CLANG_WARN_UNREACHABLE_CODE = YES;
				CLANG_WARN__DUPLICATE_METHOD_MATCH = YES;
				CODE_SIGN_IDENTITY = "iPhone Developer";
				COPY_PHASE_STRIP = NO;
				DEBUG_INFORMATION_FORMAT = "dwarf-with-dsym";
				ENABLE_NS_ASSERTIONS = NO;
				ENABLE_STRICT_OBJC_MSGSEND = YES;
				GCC_C_LANGUAGE_STANDARD = gnu11;
				GCC_NO_COMMON_BLOCKS = YES;
				GCC_WARN_64_TO_32_BIT_CONVERSION = YES;
				GCC_WARN_ABOUT_RETURN_TYPE = YES_ERROR;
				GCC_WARN_UNDECLARED_SELECTOR = YES;
				GCC_WARN_UNINITIALIZED_AUTOS = YES_AGGRESSIVE;
				GCC_WARN_UNUSED_FUNCTION = YES;
				GCC_WARN_UNUSED_VARIABLE = YES;
				IPHONEOS_DEPLOYMENT_TARGET = 12.4;
				MTL_ENABLE_DEBUG_INFO = NO;
				MTL_FAST_MATH = YES;
				SDKROOT = iphoneos;
				SWIFT_COMPILATION_MODE = wholemodule;
				SWIFT_OPTIMIZATION_LEVEL = "-O";
				VALIDATE_PRODUCT = YES;
			};
			name = Release;
		};
		61B3DC602378B1740083D057 /* Debug */ = {
			isa = XCBuildConfiguration;
			baseConfigurationReference = 2DDF96A1A83B140B481FADFF /* Pods-Billsify.debug.xcconfig */;
			buildSettings = {
				ALWAYS_EMBED_SWIFT_STANDARD_LIBRARIES = YES;
				ASSETCATALOG_COMPILER_APPICON_NAME = AppIcon;
				CODE_SIGN_STYLE = Automatic;
				DEVELOPMENT_TEAM = 8HCFPGSQ43;
				INFOPLIST_FILE = Billsify/Info.plist;
				LD_RUNPATH_SEARCH_PATHS = (
					"$(inherited)",
					"@executable_path/Frameworks",
				);
				PRODUCT_BUNDLE_IDENTIFIER = MasterD.Billsify;
				PRODUCT_NAME = "$(TARGET_NAME)";
				SWIFT_VERSION = 5.0;
				TARGETED_DEVICE_FAMILY = "1,2";
			};
			name = Debug;
		};
		61B3DC612378B1740083D057 /* Release */ = {
			isa = XCBuildConfiguration;
			baseConfigurationReference = BF021909488F0A4EB0E911DB /* Pods-Billsify.release.xcconfig */;
			buildSettings = {
				ALWAYS_EMBED_SWIFT_STANDARD_LIBRARIES = YES;
				ASSETCATALOG_COMPILER_APPICON_NAME = AppIcon;
				CODE_SIGN_STYLE = Automatic;
				DEVELOPMENT_TEAM = 8HCFPGSQ43;
				INFOPLIST_FILE = Billsify/Info.plist;
				LD_RUNPATH_SEARCH_PATHS = (
					"$(inherited)",
					"@executable_path/Frameworks",
				);
				PRODUCT_BUNDLE_IDENTIFIER = MasterD.Billsify;
				PRODUCT_NAME = "$(TARGET_NAME)";
				SWIFT_VERSION = 5.0;
				TARGETED_DEVICE_FAMILY = "1,2";
			};
			name = Release;
		};
		61B3DC632378B1740083D057 /* Debug */ = {
			isa = XCBuildConfiguration;
			baseConfigurationReference = 891DC425C18F6899CA67F8D9 /* Pods-BillsifyTests.debug.xcconfig */;
			buildSettings = {
				ALWAYS_EMBED_SWIFT_STANDARD_LIBRARIES = YES;
				BUNDLE_LOADER = "$(TEST_HOST)";
				CODE_SIGN_STYLE = Automatic;
				INFOPLIST_FILE = BillsifyTests/Info.plist;
				LD_RUNPATH_SEARCH_PATHS = (
					"$(inherited)",
					"@executable_path/Frameworks",
					"@loader_path/Frameworks",
				);
				PRODUCT_BUNDLE_IDENTIFIER = MasterD.BillsifyTests;
				PRODUCT_NAME = "$(TARGET_NAME)";
				SWIFT_VERSION = 5.0;
				TARGETED_DEVICE_FAMILY = "1,2";
				TEST_HOST = "$(BUILT_PRODUCTS_DIR)/Billsify.app/Billsify";
			};
			name = Debug;
		};
		61B3DC642378B1740083D057 /* Release */ = {
			isa = XCBuildConfiguration;
			baseConfigurationReference = 4CF41117A2A83E7C4E7AB707 /* Pods-BillsifyTests.release.xcconfig */;
			buildSettings = {
				ALWAYS_EMBED_SWIFT_STANDARD_LIBRARIES = YES;
				BUNDLE_LOADER = "$(TEST_HOST)";
				CODE_SIGN_STYLE = Automatic;
				INFOPLIST_FILE = BillsifyTests/Info.plist;
				LD_RUNPATH_SEARCH_PATHS = (
					"$(inherited)",
					"@executable_path/Frameworks",
					"@loader_path/Frameworks",
				);
				PRODUCT_BUNDLE_IDENTIFIER = MasterD.BillsifyTests;
				PRODUCT_NAME = "$(TARGET_NAME)";
				SWIFT_VERSION = 5.0;
				TARGETED_DEVICE_FAMILY = "1,2";
				TEST_HOST = "$(BUILT_PRODUCTS_DIR)/Billsify.app/Billsify";
			};
			name = Release;
		};
		61B3DC662378B1740083D057 /* Debug */ = {
			isa = XCBuildConfiguration;
			baseConfigurationReference = 934E038A24057E98624CBDB6 /* Pods-Billsify-BillsifyUITests.debug.xcconfig */;
			buildSettings = {
				ALWAYS_EMBED_SWIFT_STANDARD_LIBRARIES = YES;
				CODE_SIGN_STYLE = Automatic;
				INFOPLIST_FILE = BillsifyUITests/Info.plist;
				LD_RUNPATH_SEARCH_PATHS = (
					"$(inherited)",
					"@executable_path/Frameworks",
					"@loader_path/Frameworks",
				);
				PRODUCT_BUNDLE_IDENTIFIER = MasterD.BillsifyUITests;
				PRODUCT_NAME = "$(TARGET_NAME)";
				SWIFT_VERSION = 5.0;
				TARGETED_DEVICE_FAMILY = "1,2";
				TEST_TARGET_NAME = Billsify;
			};
			name = Debug;
		};
		61B3DC672378B1740083D057 /* Release */ = {
			isa = XCBuildConfiguration;
			baseConfigurationReference = B245875BAE35E0948E284B0A /* Pods-Billsify-BillsifyUITests.release.xcconfig */;
			buildSettings = {
				ALWAYS_EMBED_SWIFT_STANDARD_LIBRARIES = YES;
				CODE_SIGN_STYLE = Automatic;
				INFOPLIST_FILE = BillsifyUITests/Info.plist;
				LD_RUNPATH_SEARCH_PATHS = (
					"$(inherited)",
					"@executable_path/Frameworks",
					"@loader_path/Frameworks",
				);
				PRODUCT_BUNDLE_IDENTIFIER = MasterD.BillsifyUITests;
				PRODUCT_NAME = "$(TARGET_NAME)";
				SWIFT_VERSION = 5.0;
				TARGETED_DEVICE_FAMILY = "1,2";
				TEST_TARGET_NAME = Billsify;
			};
			name = Release;
		};
/* End XCBuildConfiguration section */

/* Begin XCConfigurationList section */
		61B3DC302378B1720083D057 /* Build configuration list for PBXProject "Billsify" */ = {
			isa = XCConfigurationList;
			buildConfigurations = (
				61B3DC5D2378B1740083D057 /* Debug */,
				61B3DC5E2378B1740083D057 /* Release */,
			);
			defaultConfigurationIsVisible = 0;
			defaultConfigurationName = Release;
		};
		61B3DC5F2378B1740083D057 /* Build configuration list for PBXNativeTarget "Billsify" */ = {
			isa = XCConfigurationList;
			buildConfigurations = (
				61B3DC602378B1740083D057 /* Debug */,
				61B3DC612378B1740083D057 /* Release */,
			);
			defaultConfigurationIsVisible = 0;
			defaultConfigurationName = Release;
		};
		61B3DC622378B1740083D057 /* Build configuration list for PBXNativeTarget "BillsifyTests" */ = {
			isa = XCConfigurationList;
			buildConfigurations = (
				61B3DC632378B1740083D057 /* Debug */,
				61B3DC642378B1740083D057 /* Release */,
			);
			defaultConfigurationIsVisible = 0;
			defaultConfigurationName = Release;
		};
		61B3DC652378B1740083D057 /* Build configuration list for PBXNativeTarget "BillsifyUITests" */ = {
			isa = XCConfigurationList;
			buildConfigurations = (
				61B3DC662378B1740083D057 /* Debug */,
				61B3DC672378B1740083D057 /* Release */,
			);
			defaultConfigurationIsVisible = 0;
			defaultConfigurationName = Release;
		};
/* End XCConfigurationList section */

/* Begin XCVersionGroup section */
		61B3DCAA2379C3C60083D057 /* Bills.xcdatamodeld */ = {
			isa = XCVersionGroup;
			children = (
				61B3DCAB2379C3C60083D057 /* Bills.xcdatamodel */,
			);
			currentVersion = 61B3DCAB2379C3C60083D057 /* Bills.xcdatamodel */;
			path = Bills.xcdatamodeld;
			sourceTree = "<group>";
			versionGroupType = wrapper.xcdatamodel;
		};
/* End XCVersionGroup section */
	};
	rootObject = 61B3DC2D2378B1720083D057 /* Project object */;
}
